
Microsoft Visual Studio Solution File, Format Version 12.00
# Visual Studio Version 16
VisualStudioVersion = 16.0.31019.35
MinimumVisualStudioVersion = 10.0.40219.1
Project("{FAE04EC0-301F-11D3-BF4B-00C04F79EFBC}") = "Livraria", "Seicho\Livraria.csproj", "{F1827899-CFD2-4D4E-9107-1F75A1333E14}"
EndProject
Global
	GlobalSection(SolutionConfigurationPlatforms) = preSolution
		Debug|Any CPU = Debug|Any CPU
		Release|Any CPU = Release|Any CPU
	EndGlobalSection
	GlobalSection(ProjectConfigurationPlatforms) = postSolution
		{F1827899-CFD2-4D4E-9107-1F75A1333E14}.Debug|Any CPU.ActiveCfg = Debug|Any CPU
		{F1827899-CFD2-4D4E-9107-1F75A1333E14}.Debug|Any CPU.Build.0 = Debug|Any CPU
		{F1827899-CFD2-4D4E-9107-1F75A1333E14}.Release|Any CPU.ActiveCfg = Release|Any CPU
		{F1827899-CFD2-4D4E-9107-1F75A1333E14}.Release|Any CPU.Build.0 = Release|Any CPU
	EndGlobalSection
	GlobalSection(SolutionProperties) = preSolution
		HideSolutionNode = FALSE
	EndGlobalSection
	GlobalSection(ExtensibilityGlobals) = postSolution
		SolutionGuid = {F9E8ADF7-129A-4321-A6A0-6AF5C1ADC75D}
	EndGlobalSection
	GlobalSection(TeamFoundationVersionControl) = preSolution
		SccNumberOfProjects = 2
		SccEnterpriseProvider = {4CA58AB2-18FA-4F8D-95D4-32DDF27D184C}
		SccTeamFoundationServer = https://systemlc.visualstudio.com/
		SccLocalPath0 = .
		SccProjectUniqueName1 = Seicho\\Livraria.csproj
		SccProjectName1 = Seicho
		SccLocalPath1 = Seicho
	EndGlobalSection
EndGlobal
